
Microsoft Visual Studio Solution File, Format Version 12.00
# Visual Studio 2013
VisualStudioVersion = 12.0.31101.0
MinimumVisualStudioVersion = 10.0.40219.1
Project("{FAE04EC0-301F-11D3-BF4B-00C04F79EFBC}") = "Plasty", "Plasty\Plasty.csproj", "{16ACA1E7-5A36-42C2-B7DB-1869A954B0B6}"
EndProject
Project("{FAE04EC0-301F-11D3-BF4B-00C04F79EFBC}") = "Plasty.Tests", "Plasty.Tests\Plasty.Tests.csproj", "{9F4D21EC-1240-4BEB-B766-01AD76223185}"
EndProject
Global
	GlobalSection(SolutionConfigurationPlatforms) = preSolution
		Debug|Any CPU = Debug|Any CPU
		Release|Any CPU = Release|Any CPU
	EndGlobalSection
	GlobalSection(ProjectConfigurationPlatforms) = postSolution
		{16ACA1E7-5A36-42C2-B7DB-1869A954B0B6}.Debug|Any CPU.ActiveCfg = Debug|Any CPU
		{16ACA1E7-5A36-42C2-B7DB-1869A954B0B6}.Debug|Any CPU.Build.0 = Debug|Any CPU
		{16ACA1E7-5A36-42C2-B7DB-1869A954B0B6}.Release|Any CPU.ActiveCfg = Release|Any CPU
		{16ACA1E7-5A36-42C2-B7DB-1869A954B0B6}.Release|Any CPU.Build.0 = Release|Any CPU
		{9F4D21EC-1240-4BEB-B766-01AD76223185}.Debug|Any CPU.ActiveCfg = Debug|Any CPU
		{9F4D21EC-1240-4BEB-B766-01AD76223185}.Debug|Any CPU.Build.0 = Debug|Any CPU
		{9F4D21EC-1240-4BEB-B766-01AD76223185}.Release|Any CPU.ActiveCfg = Release|Any CPU
		{9F4D21EC-1240-4BEB-B766-01AD76223185}.Release|Any CPU.Build.0 = Release|Any CPU
	EndGlobalSection
	GlobalSection(SolutionProperties) = preSolution
		HideSolutionNode = FALSE
	EndGlobalSection
EndGlobal
