
Microsoft Visual Studio Solution File, Format Version 12.00
# Visual Studio 2013
VisualStudioVersion = 12.0.31101.0
MinimumVisualStudioVersion = 10.0.40219.1
Project("{FAE04EC0-301F-11D3-BF4B-00C04F79EFBC}") = "PlanOfStudy", "PlanOfStudy\PlanOfStudy.csproj", "{7F7E71AF-6632-4BF5-A0B0-EB8214CF0891}"
EndProject
Project("{FAE04EC0-301F-11D3-BF4B-00C04F79EFBC}") = "PlanOfStudy.Tests", "PlanOfStudy.Tests\PlanOfStudy.Tests.csproj", "{597BEFE0-8003-4097-9355-CE92FD491658}"
EndProject
Global
	GlobalSection(SolutionConfigurationPlatforms) = preSolution
		Debug|Any CPU = Debug|Any CPU
		Release|Any CPU = Release|Any CPU
	EndGlobalSection
	GlobalSection(ProjectConfigurationPlatforms) = postSolution
		{7F7E71AF-6632-4BF5-A0B0-EB8214CF0891}.Debug|Any CPU.ActiveCfg = Debug|Any CPU
		{7F7E71AF-6632-4BF5-A0B0-EB8214CF0891}.Debug|Any CPU.Build.0 = Debug|Any CPU
		{7F7E71AF-6632-4BF5-A0B0-EB8214CF0891}.Release|Any CPU.ActiveCfg = Release|Any CPU
		{7F7E71AF-6632-4BF5-A0B0-EB8214CF0891}.Release|Any CPU.Build.0 = Release|Any CPU
		{597BEFE0-8003-4097-9355-CE92FD491658}.Debug|Any CPU.ActiveCfg = Debug|Any CPU
		{597BEFE0-8003-4097-9355-CE92FD491658}.Debug|Any CPU.Build.0 = Debug|Any CPU
		{597BEFE0-8003-4097-9355-CE92FD491658}.Release|Any CPU.ActiveCfg = Release|Any CPU
		{597BEFE0-8003-4097-9355-CE92FD491658}.Release|Any CPU.Build.0 = Release|Any CPU
	EndGlobalSection
	GlobalSection(SolutionProperties) = preSolution
		HideSolutionNode = FALSE
	EndGlobalSection
EndGlobal
